// !$*UTF8*$!
{
	archiveVersion = 1;
	classes = {
	};
	objectVersion = 46;
	objects = {

/* Begin PBXBuildFile section */
		D96A77551E8594C000F441D3 /* AppDelegate.swift in Sources */ = {isa = PBXBuildFile; fileRef = D96A77541E8594C000F441D3 /* AppDelegate.swift */; };
		D96A77571E8594C000F441D3 /* MapsAppViewController.swift in Sources */ = {isa = PBXBuildFile; fileRef = D96A77561E8594C000F441D3 /* MapsAppViewController.swift */; };
		D96A775A1E8594C000F441D3 /* Main.storyboard in Resources */ = {isa = PBXBuildFile; fileRef = D96A77581E8594C000F441D3 /* Main.storyboard */; };
		D96A775C1E8594C000F441D3 /* Assets.xcassets in Resources */ = {isa = PBXBuildFile; fileRef = D96A775B1E8594C000F441D3 /* Assets.xcassets */; };
		D96A775F1E8594C000F441D3 /* LaunchScreen.storyboard in Resources */ = {isa = PBXBuildFile; fileRef = D96A775D1E8594C000F441D3 /* LaunchScreen.storyboard */; };
		D96A776A1E8594C000F441D3 /* maps_app_iosTests.swift in Sources */ = {isa = PBXBuildFile; fileRef = D96A77691E8594C000F441D3 /* maps_app_iosTests.swift */; };
		D96A77751E8594C000F441D3 /* maps_app_iosUITests.swift in Sources */ = {isa = PBXBuildFile; fileRef = D96A77741E8594C000F441D3 /* maps_app_iosUITests.swift */; };
		D96A77831E8598DF00F441D3 /* ArcGIS.bundle in Resources */ = {isa = PBXBuildFile; fileRef = D96A77821E8598DF00F441D3 /* ArcGIS.bundle */; };
/* End PBXBuildFile section */

/* Begin PBXContainerItemProxy section */
		D96A77661E8594C000F441D3 /* PBXContainerItemProxy */ = {
			isa = PBXContainerItemProxy;
			containerPortal = D96A77491E8594BF00F441D3 /* Project object */;
			proxyType = 1;
			remoteGlobalIDString = D96A77501E8594BF00F441D3;
			remoteInfo = "maps-app-ios";
		};
		D96A77711E8594C000F441D3 /* PBXContainerItemProxy */ = {
			isa = PBXContainerItemProxy;
			containerPortal = D96A77491E8594BF00F441D3 /* Project object */;
			proxyType = 1;
			remoteGlobalIDString = D96A77501E8594BF00F441D3;
			remoteInfo = "maps-app-ios";
		};
/* End PBXContainerItemProxy section */

/* Begin PBXFileReference section */
		D96A77511E8594C000F441D3 /* maps-app-ios.app */ = {isa = PBXFileReference; explicitFileType = wrapper.application; includeInIndex = 0; path = "maps-app-ios.app"; sourceTree = BUILT_PRODUCTS_DIR; };
		D96A77541E8594C000F441D3 /* AppDelegate.swift */ = {isa = PBXFileReference; lastKnownFileType = sourcecode.swift; path = AppDelegate.swift; sourceTree = "<group>"; };
		D96A77561E8594C000F441D3 /* MapsAppViewController.swift */ = {isa = PBXFileReference; lastKnownFileType = sourcecode.swift; path = MapsAppViewController.swift; sourceTree = "<group>"; };
		D96A77591E8594C000F441D3 /* Base */ = {isa = PBXFileReference; lastKnownFileType = file.storyboard; name = Base; path = Base.lproj/Main.storyboard; sourceTree = "<group>"; };
		D96A775B1E8594C000F441D3 /* Assets.xcassets */ = {isa = PBXFileReference; lastKnownFileType = folder.assetcatalog; path = Assets.xcassets; sourceTree = "<group>"; };
		D96A775E1E8594C000F441D3 /* Base */ = {isa = PBXFileReference; lastKnownFileType = file.storyboard; name = Base; path = Base.lproj/LaunchScreen.storyboard; sourceTree = "<group>"; };
		D96A77601E8594C000F441D3 /* Info.plist */ = {isa = PBXFileReference; lastKnownFileType = text.plist.xml; path = Info.plist; sourceTree = "<group>"; };
		D96A77651E8594C000F441D3 /* maps-app-iosTests.xctest */ = {isa = PBXFileReference; explicitFileType = wrapper.cfbundle; includeInIndex = 0; path = "maps-app-iosTests.xctest"; sourceTree = BUILT_PRODUCTS_DIR; };
		D96A77691E8594C000F441D3 /* maps_app_iosTests.swift */ = {isa = PBXFileReference; lastKnownFileType = sourcecode.swift; path = maps_app_iosTests.swift; sourceTree = "<group>"; };
		D96A776B1E8594C000F441D3 /* Info.plist */ = {isa = PBXFileReference; lastKnownFileType = text.plist.xml; path = Info.plist; sourceTree = "<group>"; };
		D96A77701E8594C000F441D3 /* maps-app-iosUITests.xctest */ = {isa = PBXFileReference; explicitFileType = wrapper.cfbundle; includeInIndex = 0; path = "maps-app-iosUITests.xctest"; sourceTree = BUILT_PRODUCTS_DIR; };
		D96A77741E8594C000F441D3 /* maps_app_iosUITests.swift */ = {isa = PBXFileReference; lastKnownFileType = sourcecode.swift; path = maps_app_iosUITests.swift; sourceTree = "<group>"; };
		D96A77761E8594C000F441D3 /* Info.plist */ = {isa = PBXFileReference; lastKnownFileType = text.plist.xml; path = Info.plist; sourceTree = "<group>"; };
		D96A77821E8598DF00F441D3 /* ArcGIS.bundle */ = {isa = PBXFileReference; lastKnownFileType = "wrapper.plug-in"; name = ArcGIS.bundle; path = "$(HOME)/Library/SDKs/ArcGIS/iOS/Frameworks/Static/ArcGIS.framework/Versions/Current/Resources/ArcGIS.bundle"; sourceTree = "<group>"; };
/* End PBXFileReference section */

/* Begin PBXFrameworksBuildPhase section */
		D96A774E1E8594BF00F441D3 /* Frameworks */ = {
			isa = PBXFrameworksBuildPhase;
			buildActionMask = 2147483647;
			files = (
			);
			runOnlyForDeploymentPostprocessing = 0;
		};
		D96A77621E8594C000F441D3 /* Frameworks */ = {
			isa = PBXFrameworksBuildPhase;
			buildActionMask = 2147483647;
			files = (
			);
			runOnlyForDeploymentPostprocessing = 0;
		};
		D96A776D1E8594C000F441D3 /* Frameworks */ = {
			isa = PBXFrameworksBuildPhase;
			buildActionMask = 2147483647;
			files = (
			);
			runOnlyForDeploymentPostprocessing = 0;
		};
/* End PBXFrameworksBuildPhase section */

/* Begin PBXGroup section */
		D96A77481E8594BF00F441D3 = {
			isa = PBXGroup;
			children = (
				D96A77531E8594C000F441D3 /* maps-app-ios */,
				D96A77681E8594C000F441D3 /* maps-app-iosTests */,
				D96A77731E8594C000F441D3 /* maps-app-iosUITests */,
				D96A77521E8594C000F441D3 /* Products */,
			);
			sourceTree = "<group>";
		};
		D96A77521E8594C000F441D3 /* Products */ = {
			isa = PBXGroup;
			children = (
				D96A77511E8594C000F441D3 /* maps-app-ios.app */,
				D96A77651E8594C000F441D3 /* maps-app-iosTests.xctest */,
				D96A77701E8594C000F441D3 /* maps-app-iosUITests.xctest */,
			);
			name = Products;
			sourceTree = "<group>";
		};
		D96A77531E8594C000F441D3 /* maps-app-ios */ = {
			isa = PBXGroup;
			children = (
				D96A77541E8594C000F441D3 /* AppDelegate.swift */,
				D96A77561E8594C000F441D3 /* MapsAppViewController.swift */,
				D96A77581E8594C000F441D3 /* Main.storyboard */,
				D96A775B1E8594C000F441D3 /* Assets.xcassets */,
				D96A775D1E8594C000F441D3 /* LaunchScreen.storyboard */,
				D96A77601E8594C000F441D3 /* Info.plist */,
				D96A77821E8598DF00F441D3 /* ArcGIS.bundle */,
			);
			path = "maps-app-ios";
			sourceTree = "<group>";
		};
		D96A77681E8594C000F441D3 /* maps-app-iosTests */ = {
			isa = PBXGroup;
			children = (
				D96A77691E8594C000F441D3 /* maps_app_iosTests.swift */,
				D96A776B1E8594C000F441D3 /* Info.plist */,
			);
			path = "maps-app-iosTests";
			sourceTree = "<group>";
		};
		D96A77731E8594C000F441D3 /* maps-app-iosUITests */ = {
			isa = PBXGroup;
			children = (
				D96A77741E8594C000F441D3 /* maps_app_iosUITests.swift */,
				D96A77761E8594C000F441D3 /* Info.plist */,
			);
			path = "maps-app-iosUITests";
			sourceTree = "<group>";
		};
/* End PBXGroup section */

/* Begin PBXNativeTarget section */
		D96A77501E8594BF00F441D3 /* maps-app-ios */ = {
			isa = PBXNativeTarget;
			buildConfigurationList = D96A77791E8594C000F441D3 /* Build configuration list for PBXNativeTarget "maps-app-ios" */;
			buildPhases = (
				D96A774D1E8594BF00F441D3 /* Sources */,
				D96A774E1E8594BF00F441D3 /* Frameworks */,
				D96A774F1E8594BF00F441D3 /* Resources */,
			);
			buildRules = (
			);
			dependencies = (
			);
			name = "maps-app-ios";
			productName = "maps-app-ios";
			productReference = D96A77511E8594C000F441D3 /* maps-app-ios.app */;
			productType = "com.apple.product-type.application";
		};
		D96A77641E8594C000F441D3 /* maps-app-iosTests */ = {
			isa = PBXNativeTarget;
			buildConfigurationList = D96A777C1E8594C000F441D3 /* Build configuration list for PBXNativeTarget "maps-app-iosTests" */;
			buildPhases = (
				D96A77611E8594C000F441D3 /* Sources */,
				D96A77621E8594C000F441D3 /* Frameworks */,
				D96A77631E8594C000F441D3 /* Resources */,
			);
			buildRules = (
			);
			dependencies = (
				D96A77671E8594C000F441D3 /* PBXTargetDependency */,
			);
			name = "maps-app-iosTests";
			productName = "maps-app-iosTests";
			productReference = D96A77651E8594C000F441D3 /* maps-app-iosTests.xctest */;
			productType = "com.apple.product-type.bundle.unit-test";
		};
		D96A776F1E8594C000F441D3 /* maps-app-iosUITests */ = {
			isa = PBXNativeTarget;
			buildConfigurationList = D96A777F1E8594C000F441D3 /* Build configuration list for PBXNativeTarget "maps-app-iosUITests" */;
			buildPhases = (
				D96A776C1E8594C000F441D3 /* Sources */,
				D96A776D1E8594C000F441D3 /* Frameworks */,
				D96A776E1E8594C000F441D3 /* Resources */,
			);
			buildRules = (
			);
			dependencies = (
				D96A77721E8594C000F441D3 /* PBXTargetDependency */,
			);
			name = "maps-app-iosUITests";
			productName = "maps-app-iosUITests";
			productReference = D96A77701E8594C000F441D3 /* maps-app-iosUITests.xctest */;
			productType = "com.apple.product-type.bundle.ui-testing";
		};
/* End PBXNativeTarget section */

/* Begin PBXProject section */
		D96A77491E8594BF00F441D3 /* Project object */ = {
			isa = PBXProject;
			attributes = {
				LastSwiftUpdateCheck = 0820;
				LastUpgradeCheck = 0820;
				ORGANIZATIONNAME = Esri;
				TargetAttributes = {
					D96A77501E8594BF00F441D3 = {
						CreatedOnToolsVersion = 8.2.1;
						DevelopmentTeam = J8UEUYLV27;
						ProvisioningStyle = Automatic;
					};
					D96A77641E8594C000F441D3 = {
						CreatedOnToolsVersion = 8.2.1;
						DevelopmentTeam = J8UEUYLV27;
						ProvisioningStyle = Automatic;
						TestTargetID = D96A77501E8594BF00F441D3;
					};
					D96A776F1E8594C000F441D3 = {
						CreatedOnToolsVersion = 8.2.1;
						DevelopmentTeam = J8UEUYLV27;
						ProvisioningStyle = Automatic;
						TestTargetID = D96A77501E8594BF00F441D3;
					};
				};
			};
			buildConfigurationList = D96A774C1E8594BF00F441D3 /* Build configuration list for PBXProject "maps-app-ios" */;
			compatibilityVersion = "Xcode 3.2";
			developmentRegion = English;
			hasScannedForEncodings = 0;
			knownRegions = (
				en,
				Base,
			);
			mainGroup = D96A77481E8594BF00F441D3;
			productRefGroup = D96A77521E8594C000F441D3 /* Products */;
			projectDirPath = "";
			projectRoot = "";
			targets = (
				D96A77501E8594BF00F441D3 /* maps-app-ios */,
				D96A77641E8594C000F441D3 /* maps-app-iosTests */,
				D96A776F1E8594C000F441D3 /* maps-app-iosUITests */,
			);
		};
/* End PBXProject section */

/* Begin PBXResourcesBuildPhase section */
		D96A774F1E8594BF00F441D3 /* Resources */ = {
			isa = PBXResourcesBuildPhase;
			buildActionMask = 2147483647;
			files = (
				D96A775F1E8594C000F441D3 /* LaunchScreen.storyboard in Resources */,
				D96A775C1E8594C000F441D3 /* Assets.xcassets in Resources */,
				D96A77831E8598DF00F441D3 /* ArcGIS.bundle in Resources */,
				D96A775A1E8594C000F441D3 /* Main.storyboard in Resources */,
			);
			runOnlyForDeploymentPostprocessing = 0;
		};
		D96A77631E8594C000F441D3 /* Resources */ = {
			isa = PBXResourcesBuildPhase;
			buildActionMask = 2147483647;
			files = (
			);
			runOnlyForDeploymentPostprocessing = 0;
		};
		D96A776E1E8594C000F441D3 /* Resources */ = {
			isa = PBXResourcesBuildPhase;
			buildActionMask = 2147483647;
			files = (
			);
			runOnlyForDeploymentPostprocessing = 0;
		};
/* End PBXResourcesBuildPhase section */

/* Begin PBXSourcesBuildPhase section */
		D96A774D1E8594BF00F441D3 /* Sources */ = {
			isa = PBXSourcesBuildPhase;
			buildActionMask = 2147483647;
			files = (
				D96A77571E8594C000F441D3 /* MapsAppViewController.swift in Sources */,
				D96A77551E8594C000F441D3 /* AppDelegate.swift in Sources */,
			);
			runOnlyForDeploymentPostprocessing = 0;
		};
		D96A77611E8594C000F441D3 /* Sources */ = {
			isa = PBXSourcesBuildPhase;
			buildActionMask = 2147483647;
			files = (
				D96A776A1E8594C000F441D3 /* maps_app_iosTests.swift in Sources */,
			);
			runOnlyForDeploymentPostprocessing = 0;
		};
		D96A776C1E8594C000F441D3 /* Sources */ = {
			isa = PBXSourcesBuildPhase;
			buildActionMask = 2147483647;
			files = (
				D96A77751E8594C000F441D3 /* maps_app_iosUITests.swift in Sources */,
			);
			runOnlyForDeploymentPostprocessing = 0;
		};
/* End PBXSourcesBuildPhase section */

/* Begin PBXTargetDependency section */
		D96A77671E8594C000F441D3 /* PBXTargetDependency */ = {
			isa = PBXTargetDependency;
			target = D96A77501E8594BF00F441D3 /* maps-app-ios */;
			targetProxy = D96A77661E8594C000F441D3 /* PBXContainerItemProxy */;
		};
		D96A77721E8594C000F441D3 /* PBXTargetDependency */ = {
			isa = PBXTargetDependency;
			target = D96A77501E8594BF00F441D3 /* maps-app-ios */;
			targetProxy = D96A77711E8594C000F441D3 /* PBXContainerItemProxy */;
		};
/* End PBXTargetDependency section */

/* Begin PBXVariantGroup section */
		D96A77581E8594C000F441D3 /* Main.storyboard */ = {
			isa = PBXVariantGroup;
			children = (
				D96A77591E8594C000F441D3 /* Base */,
			);
			name = Main.storyboard;
			sourceTree = "<group>";
		};
		D96A775D1E8594C000F441D3 /* LaunchScreen.storyboard */ = {
			isa = PBXVariantGroup;
			children = (
				D96A775E1E8594C000F441D3 /* Base */,
			);
			name = LaunchScreen.storyboard;
			sourceTree = "<group>";
		};
/* End PBXVariantGroup section */

/* Begin XCBuildConfiguration section */
		D96A77771E8594C000F441D3 /* Debug */ = {
			isa = XCBuildConfiguration;
			buildSettings = {
				ALWAYS_SEARCH_USER_PATHS = NO;
				CLANG_ANALYZER_NONNULL = YES;
				CLANG_CXX_LANGUAGE_STANDARD = "gnu++0x";
				CLANG_CXX_LIBRARY = "libc++";
				CLANG_ENABLE_MODULES = YES;
				CLANG_ENABLE_OBJC_ARC = YES;
				CLANG_WARN_BOOL_CONVERSION = YES;
				CLANG_WARN_CONSTANT_CONVERSION = YES;
				CLANG_WARN_DIRECT_OBJC_ISA_USAGE = YES_ERROR;
				CLANG_WARN_DOCUMENTATION_COMMENTS = YES;
				CLANG_WARN_EMPTY_BODY = YES;
				CLANG_WARN_ENUM_CONVERSION = YES;
				CLANG_WARN_INFINITE_RECURSION = YES;
				CLANG_WARN_INT_CONVERSION = YES;
				CLANG_WARN_OBJC_ROOT_CLASS = YES_ERROR;
				CLANG_WARN_SUSPICIOUS_MOVE = YES;
				CLANG_WARN_UNREACHABLE_CODE = YES;
				CLANG_WARN__DUPLICATE_METHOD_MATCH = YES;
				"CODE_SIGN_IDENTITY[sdk=iphoneos*]" = "iPhone Developer";
				COPY_PHASE_STRIP = NO;
				DEBUG_INFORMATION_FORMAT = dwarf;
				ENABLE_STRICT_OBJC_MSGSEND = YES;
				ENABLE_TESTABILITY = YES;
				GCC_C_LANGUAGE_STANDARD = gnu99;
				GCC_DYNAMIC_NO_PIC = NO;
				GCC_NO_COMMON_BLOCKS = YES;
				GCC_OPTIMIZATION_LEVEL = 0;
				GCC_PREPROCESSOR_DEFINITIONS = (
					"DEBUG=1",
					"$(inherited)",
				);
				GCC_WARN_64_TO_32_BIT_CONVERSION = YES;
				GCC_WARN_ABOUT_RETURN_TYPE = YES_ERROR;
				GCC_WARN_UNDECLARED_SELECTOR = YES;
				GCC_WARN_UNINITIALIZED_AUTOS = YES_AGGRESSIVE;
				GCC_WARN_UNUSED_FUNCTION = YES;
				GCC_WARN_UNUSED_VARIABLE = YES;
				IPHONEOS_DEPLOYMENT_TARGET = 10.2;
				MTL_ENABLE_DEBUG_INFO = YES;
				ONLY_ACTIVE_ARCH = YES;
				SDKROOT = iphoneos;
				SWIFT_ACTIVE_COMPILATION_CONDITIONS = DEBUG;
				SWIFT_OPTIMIZATION_LEVEL = "-Onone";
				TARGETED_DEVICE_FAMILY = "1,2";
			};
			name = Debug;
		};
		D96A77781E8594C000F441D3 /* Release */ = {
			isa = XCBuildConfiguration;
			buildSettings = {
				ALWAYS_SEARCH_USER_PATHS = NO;
				CLANG_ANALYZER_NONNULL = YES;
				CLANG_CXX_LANGUAGE_STANDARD = "gnu++0x";
				CLANG_CXX_LIBRARY = "libc++";
				CLANG_ENABLE_MODULES = YES;
				CLANG_ENABLE_OBJC_ARC = YES;
				CLANG_WARN_BOOL_CONVERSION = YES;
				CLANG_WARN_CONSTANT_CONVERSION = YES;
				CLANG_WARN_DIRECT_OBJC_ISA_USAGE = YES_ERROR;
				CLANG_WARN_DOCUMENTATION_COMMENTS = YES;
				CLANG_WARN_EMPTY_BODY = YES;
				CLANG_WARN_ENUM_CONVERSION = YES;
				CLANG_WARN_INFINITE_RECURSION = YES;
				CLANG_WARN_INT_CONVERSION = YES;
				CLANG_WARN_OBJC_ROOT_CLASS = YES_ERROR;
				CLANG_WARN_SUSPICIOUS_MOVE = YES;
				CLANG_WARN_UNREACHABLE_CODE = YES;
				CLANG_WARN__DUPLICATE_METHOD_MATCH = YES;
				"CODE_SIGN_IDENTITY[sdk=iphoneos*]" = "iPhone Developer";
				COPY_PHASE_STRIP = NO;
				DEBUG_INFORMATION_FORMAT = "dwarf-with-dsym";
				ENABLE_NS_ASSERTIONS = NO;
				ENABLE_STRICT_OBJC_MSGSEND = YES;
				GCC_C_LANGUAGE_STANDARD = gnu99;
				GCC_NO_COMMON_BLOCKS = YES;
				GCC_WARN_64_TO_32_BIT_CONVERSION = YES;
				GCC_WARN_ABOUT_RETURN_TYPE = YES_ERROR;
				GCC_WARN_UNDECLARED_SELECTOR = YES;
				GCC_WARN_UNINITIALIZED_AUTOS = YES_AGGRESSIVE;
				GCC_WARN_UNUSED_FUNCTION = YES;
				GCC_WARN_UNUSED_VARIABLE = YES;
				IPHONEOS_DEPLOYMENT_TARGET = 10.2;
				MTL_ENABLE_DEBUG_INFO = NO;
				SDKROOT = iphoneos;
				SWIFT_OPTIMIZATION_LEVEL = "-Owholemodule";
				TARGETED_DEVICE_FAMILY = "1,2";
				VALIDATE_PRODUCT = YES;
			};
			name = Release;
		};
		D96A777A1E8594C000F441D3 /* Debug */ = {
			isa = XCBuildConfiguration;
			buildSettings = {
				ASSETCATALOG_COMPILER_APPICON_NAME = AppIcon;
				DEVELOPMENT_TEAM = J8UEUYLV27;
				FRAMEWORK_SEARCH_PATHS = "$(HOME)/Library/SDKs/ArcGIS/iOS/Frameworks/Static";
				INFOPLIST_FILE = "maps-app-ios/Info.plist";
				LD_RUNPATH_SEARCH_PATHS = "$(inherited) @executable_path/Frameworks";
				OTHER_LDFLAGS = (
					"-ObjC",
					"-framework",
					ArcGIS,
					"-l",
					"c++",
				);
				PRODUCT_BUNDLE_IDENTIFIER = "com.esri.example-apps.maps-app-ios";
				PRODUCT_NAME = "$(TARGET_NAME)";
				SWIFT_VERSION = 3.0;
			};
			name = Debug;
		};
		D96A777B1E8594C000F441D3 /* Release */ = {
			isa = XCBuildConfiguration;
			buildSettings = {
				ASSETCATALOG_COMPILER_APPICON_NAME = AppIcon;
				DEVELOPMENT_TEAM = J8UEUYLV27;
				FRAMEWORK_SEARCH_PATHS = "$(HOME)/Library/SDKs/ArcGIS/iOS/Frameworks/Static";
				INFOPLIST_FILE = "maps-app-ios/Info.plist";
				LD_RUNPATH_SEARCH_PATHS = "$(inherited) @executable_path/Frameworks";
				OTHER_LDFLAGS = (
					"-ObjC",
					"-framework",
					ArcGIS,
					"-l",
					"c++",
				);
				PRODUCT_BUNDLE_IDENTIFIER = "com.esri.example-apps.maps-app-ios";
				PRODUCT_NAME = "$(TARGET_NAME)";
				SWIFT_VERSION = 3.0;
			};
			name = Release;
		};
		D96A777D1E8594C000F441D3 /* Debug */ = {
			isa = XCBuildConfiguration;
			buildSettings = {
				ALWAYS_EMBED_SWIFT_STANDARD_LIBRARIES = YES;
				BUNDLE_LOADER = "$(TEST_HOST)";
				DEVELOPMENT_TEAM = J8UEUYLV27;
				INFOPLIST_FILE = "maps-app-iosTests/Info.plist";
				LD_RUNPATH_SEARCH_PATHS = "$(inherited) @executable_path/Frameworks @loader_path/Frameworks";
				PRODUCT_BUNDLE_IDENTIFIER = "com.esri.example-apps.maps-app-iosTests";
				PRODUCT_NAME = "$(TARGET_NAME)";
				SWIFT_VERSION = 3.0;
				TEST_HOST = "$(BUILT_PRODUCTS_DIR)/maps-app-ios.app/maps-app-ios";
			};
			name = Debug;
		};
		D96A777E1E8594C000F441D3 /* Release */ = {
			isa = XCBuildConfiguration;
			buildSettings = {
				ALWAYS_EMBED_SWIFT_STANDARD_LIBRARIES = YES;
				BUNDLE_LOADER = "$(TEST_HOST)";
				DEVELOPMENT_TEAM = J8UEUYLV27;
				INFOPLIST_FILE = "maps-app-iosTests/Info.plist";
				LD_RUNPATH_SEARCH_PATHS = "$(inherited) @executable_path/Frameworks @loader_path/Frameworks";
				PRODUCT_BUNDLE_IDENTIFIER = "com.esri.example-apps.maps-app-iosTests";
				PRODUCT_NAME = "$(TARGET_NAME)";
				SWIFT_VERSION = 3.0;
				TEST_HOST = "$(BUILT_PRODUCTS_DIR)/maps-app-ios.app/maps-app-ios";
			};
			name = Release;
		};
		D96A77801E8594C000F441D3 /* Debug */ = {
			isa = XCBuildConfiguration;
			buildSettings = {
				ALWAYS_EMBED_SWIFT_STANDARD_LIBRARIES = YES;
				DEVELOPMENT_TEAM = J8UEUYLV27;
				INFOPLIST_FILE = "maps-app-iosUITests/Info.plist";
				LD_RUNPATH_SEARCH_PATHS = "$(inherited) @executable_path/Frameworks @loader_path/Frameworks";
				PRODUCT_BUNDLE_IDENTIFIER = "com.esri.example-apps.maps-app-iosUITests";
				PRODUCT_NAME = "$(TARGET_NAME)";
				SWIFT_VERSION = 3.0;
				TEST_TARGET_NAME = "maps-app-ios";
			};
			name = Debug;
		};
		D96A77811E8594C000F441D3 /* Release */ = {
			isa = XCBuildConfiguration;
			buildSettings = {
				ALWAYS_EMBED_SWIFT_STANDARD_LIBRARIES = YES;
				DEVELOPMENT_TEAM = J8UEUYLV27;
				INFOPLIST_FILE = "maps-app-iosUITests/Info.plist";
				LD_RUNPATH_SEARCH_PATHS = "$(inherited) @executable_path/Frameworks @loader_path/Frameworks";
				PRODUCT_BUNDLE_IDENTIFIER = "com.esri.example-apps.maps-app-iosUITests";
				PRODUCT_NAME = "$(TARGET_NAME)";
				SWIFT_VERSION = 3.0;
				TEST_TARGET_NAME = "maps-app-ios";
			};
			name = Release;
		};
/* End XCBuildConfiguration section */

/* Begin XCConfigurationList section */
		D96A774C1E8594BF00F441D3 /* Build configuration list for PBXProject "maps-app-ios" */ = {
			isa = XCConfigurationList;
			buildConfigurations = (
				D96A77771E8594C000F441D3 /* Debug */,
				D96A77781E8594C000F441D3 /* Release */,
			);
			defaultConfigurationIsVisible = 0;
			defaultConfigurationName = Release;
		};
		D96A77791E8594C000F441D3 /* Build configuration list for PBXNativeTarget "maps-app-ios" */ = {
			isa = XCConfigurationList;
			buildConfigurations = (
				D96A777A1E8594C000F441D3 /* Debug */,
				D96A777B1E8594C000F441D3 /* Release */,
			);
			defaultConfigurationIsVisible = 0;
			defaultConfigurationName = Release;
		};
		D96A777C1E8594C000F441D3 /* Build configuration list for PBXNativeTarget "maps-app-iosTests" */ = {
			isa = XCConfigurationList;
			buildConfigurations = (
				D96A777D1E8594C000F441D3 /* Debug */,
				D96A777E1E8594C000F441D3 /* Release */,
			);
			defaultConfigurationIsVisible = 0;
			defaultConfigurationName = Release;
		};
		D96A777F1E8594C000F441D3 /* Build configuration list for PBXNativeTarget "maps-app-iosUITests" */ = {
			isa = XCConfigurationList;
			buildConfigurations = (
				D96A77801E8594C000F441D3 /* Debug */,
				D96A77811E8594C000F441D3 /* Release */,
			);
			defaultConfigurationIsVisible = 0;
			defaultConfigurationName = Release;
		};
/* End XCConfigurationList section */
	};
	rootObject = D96A77491E8594BF00F441D3 /* Project object */;
}
