{
  "object": {
    "pins": [
      {
        "package": "ArcGIS",
        "repositoryURL": "https://github.com/Esri/arcgis-runtime-ios",
        "state": {
          "branch": null,
          "revision": "1bfd51c8f516093305712186e5d54a3d15b7bb28",
          "version": "100.10.0"
        }
      }
    ]
  },
  "version": 1
}
